
Microsoft Visual Studio Solution File, Format Version 12.00
# Visual Studio Version 17
VisualStudioVersion = 17.5.33627.172
MinimumVisualStudioVersion = 10.0.40219.1
Project("{54A90642-561A-4BB1-A94E-469ADEE60C69}") = "angularapp", "angularapp\angularapp.esproj", "{ACE3CDB6-3AD3-4AE5-8676-3CC5E1F5314A}"
EndProject
Project("{9A19103F-16F7-4668-BE54-9A1E7A4F7556}") = "webapi", "webapi\webapi.csproj", "{1EDFDB67-1211-4E37-B8C1-7CA60A307843}"
EndProject
Global
	GlobalSection(SolutionConfigurationPlatforms) = preSolution
		Debug|Any CPU = Debug|Any CPU
		Release|Any CPU = Release|Any CPU
	EndGlobalSection
	GlobalSection(ProjectConfigurationPlatforms) = postSolution
		{ACE3CDB6-3AD3-4AE5-8676-3CC5E1F5314A}.Debug|Any CPU.ActiveCfg = Debug|Any CPU
		{ACE3CDB6-3AD3-4AE5-8676-3CC5E1F5314A}.Debug|Any CPU.Build.0 = Debug|Any CPU
		{ACE3CDB6-3AD3-4AE5-8676-3CC5E1F5314A}.Debug|Any CPU.Deploy.0 = Debug|Any CPU
		{ACE3CDB6-3AD3-4AE5-8676-3CC5E1F5314A}.Release|Any CPU.ActiveCfg = Release|Any CPU
		{ACE3CDB6-3AD3-4AE5-8676-3CC5E1F5314A}.Release|Any CPU.Build.0 = Release|Any CPU
		{ACE3CDB6-3AD3-4AE5-8676-3CC5E1F5314A}.Release|Any CPU.Deploy.0 = Release|Any CPU
		{1EDFDB67-1211-4E37-B8C1-7CA60A307843}.Debug|Any CPU.ActiveCfg = Debug|Any CPU
		{1EDFDB67-1211-4E37-B8C1-7CA60A307843}.Debug|Any CPU.Build.0 = Debug|Any CPU
		{1EDFDB67-1211-4E37-B8C1-7CA60A307843}.Release|Any CPU.ActiveCfg = Release|Any CPU
		{1EDFDB67-1211-4E37-B8C1-7CA60A307843}.Release|Any CPU.Build.0 = Release|Any CPU
	EndGlobalSection
	GlobalSection(SolutionProperties) = preSolution
		HideSolutionNode = FALSE
	EndGlobalSection
	GlobalSection(ExtensibilityGlobals) = postSolution
		SolutionGuid = {FA6A1A19-31E0-40A6-8C91-1CF0DAB16C1B}
	EndGlobalSection
EndGlobal
